
Microsoft Visual Studio Solution File, Format Version 12.00
# Visual Studio Version 17
VisualStudioVersion = 17.8.34525.116
MinimumVisualStudioVersion = 10.0.40219.1
Project("{FAE04EC0-301F-11D3-BF4B-00C04F79EFBC}") = "MysticLightAudio", "MysticLightAudio\MysticLightAudio.csproj", "{8F92593F-A98A-4DA6-B995-D91F8CAD3D2E}"
EndProject
Global
	GlobalSection(SolutionConfigurationPlatforms) = preSolution
		Debug|Any CPU = Debug|Any CPU
		Release|Any CPU = Release|Any CPU
	EndGlobalSection
	GlobalSection(ProjectConfigurationPlatforms) = postSolution
		{8F92593F-A98A-4DA6-B995-D91F8CAD3D2E}.Debug|Any CPU.ActiveCfg = Debug|Any CPU
		{8F92593F-A98A-4DA6-B995-D91F8CAD3D2E}.Debug|Any CPU.Build.0 = Debug|Any CPU
		{8F92593F-A98A-4DA6-B995-D91F8CAD3D2E}.Release|Any CPU.ActiveCfg = Release|Any CPU
		{8F92593F-A98A-4DA6-B995-D91F8CAD3D2E}.Release|Any CPU.Build.0 = Release|Any CPU
	EndGlobalSection
	GlobalSection(SolutionProperties) = preSolution
		HideSolutionNode = FALSE
	EndGlobalSection
	GlobalSection(ExtensibilityGlobals) = postSolution
		SolutionGuid = {23AA1337-B942-4081-B2C5-BB5AF7A8ACE3}
	EndGlobalSection
EndGlobal
